
Microsoft Visual Studio Solution File, Format Version 12.00
# Visual Studio 15
VisualStudioVersion = 15.0.28010.2026
MinimumVisualStudioVersion = 10.0.40219.1
Project("{FAE04EC0-301F-11D3-BF4B-00C04F79EFBC}") = "JobSchedulerApp.Android", "JobSchedulerApp\JobSchedulerApp.Android\JobSchedulerApp.Android.csproj", "{858879B6-A077-4531-8F84-1757F5B03306}"
EndProject
Project("{FAE04EC0-301F-11D3-BF4B-00C04F79EFBC}") = "JobSchedulerApp.iOS", "JobSchedulerApp\JobSchedulerApp.iOS\JobSchedulerApp.iOS.csproj", "{AEBA420F-2718-437A-9CAD-026DA84F4A98}"
EndProject
Project("{FAE04EC0-301F-11D3-BF4B-00C04F79EFBC}") = "JobSchedulerApp.UWP", "JobSchedulerApp\JobSchedulerApp.UWP\JobSchedulerApp.UWP.csproj", "{ABFC23B3-55D4-47A5-87AD-B2AD2378520A}"
EndProject
Project("{D954291E-2A0B-460D-934E-DC6B0785DB48}") = "JobSchedulerApp", "JobSchedulerApp\JobSchedulerApp\JobSchedulerApp.shproj", "{44C5B480-2204-427F-A22D-9FAF24B48A68}"
EndProject
Global
	GlobalSection(SharedMSBuildProjectFiles) = preSolution
		JobSchedulerApp\JobSchedulerApp\JobSchedulerApp.projitems*{44c5b480-2204-427f-a22d-9faf24b48a68}*SharedItemsImports = 13
		JobSchedulerApp\JobSchedulerApp\JobSchedulerApp.projitems*{858879b6-a077-4531-8f84-1757f5b03306}*SharedItemsImports = 4
		JobSchedulerApp\JobSchedulerApp\JobSchedulerApp.projitems*{abfc23b3-55d4-47a5-87ad-b2ad2378520a}*SharedItemsImports = 4
		JobSchedulerApp\JobSchedulerApp\JobSchedulerApp.projitems*{aeba420f-2718-437a-9cad-026da84f4a98}*SharedItemsImports = 4
	EndGlobalSection
	GlobalSection(SolutionConfigurationPlatforms) = preSolution
		Ad-Hoc|Any CPU = Ad-Hoc|Any CPU
		Ad-Hoc|ARM = Ad-Hoc|ARM
		Ad-Hoc|iPhone = Ad-Hoc|iPhone
		Ad-Hoc|iPhoneSimulator = Ad-Hoc|iPhoneSimulator
		Ad-Hoc|x64 = Ad-Hoc|x64
		Ad-Hoc|x86 = Ad-Hoc|x86
		AppStore|Any CPU = AppStore|Any CPU
		AppStore|ARM = AppStore|ARM
		AppStore|iPhone = AppStore|iPhone
		AppStore|iPhoneSimulator = AppStore|iPhoneSimulator
		AppStore|x64 = AppStore|x64
		AppStore|x86 = AppStore|x86
		Debug|Any CPU = Debug|Any CPU
		Debug|ARM = Debug|ARM
		Debug|iPhone = Debug|iPhone
		Debug|iPhoneSimulator = Debug|iPhoneSimulator
		Debug|x64 = Debug|x64
		Debug|x86 = Debug|x86
		Release|Any CPU = Release|Any CPU
		Release|ARM = Release|ARM
		Release|iPhone = Release|iPhone
		Release|iPhoneSimulator = Release|iPhoneSimulator
		Release|x64 = Release|x64
		Release|x86 = Release|x86
	EndGlobalSection
	GlobalSection(ProjectConfigurationPlatforms) = postSolution
		{858879B6-A077-4531-8F84-1757F5B03306}.Ad-Hoc|Any CPU.ActiveCfg = Release|Any CPU
		{858879B6-A077-4531-8F84-1757F5B03306}.Ad-Hoc|Any CPU.Build.0 = Release|Any CPU
		{858879B6-A077-4531-8F84-1757F5B03306}.Ad-Hoc|Any CPU.Deploy.0 = Release|Any CPU
		{858879B6-A077-4531-8F84-1757F5B03306}.Ad-Hoc|ARM.ActiveCfg = Release|Any CPU
		{858879B6-A077-4531-8F84-1757F5B03306}.Ad-Hoc|ARM.Build.0 = Release|Any CPU
		{858879B6-A077-4531-8F84-1757F5B03306}.Ad-Hoc|ARM.Deploy.0 = Release|Any CPU
		{858879B6-A077-4531-8F84-1757F5B03306}.Ad-Hoc|iPhone.ActiveCfg = Release|Any CPU
		{858879B6-A077-4531-8F84-1757F5B03306}.Ad-Hoc|iPhone.Build.0 = Release|Any CPU
		{858879B6-A077-4531-8F84-1757F5B03306}.Ad-Hoc|iPhone.Deploy.0 = Release|Any CPU
		{858879B6-A077-4531-8F84-1757F5B03306}.Ad-Hoc|iPhoneSimulator.ActiveCfg = Release|Any CPU
		{858879B6-A077-4531-8F84-1757F5B03306}.Ad-Hoc|iPhoneSimulator.Build.0 = Release|Any CPU
		{858879B6-A077-4531-8F84-1757F5B03306}.Ad-Hoc|iPhoneSimulator.Deploy.0 = Release|Any CPU
		{858879B6-A077-4531-8F84-1757F5B03306}.Ad-Hoc|x64.ActiveCfg = Release|Any CPU
		{858879B6-A077-4531-8F84-1757F5B03306}.Ad-Hoc|x64.Build.0 = Release|Any CPU
		{858879B6-A077-4531-8F84-1757F5B03306}.Ad-Hoc|x64.Deploy.0 = Release|Any CPU
		{858879B6-A077-4531-8F84-1757F5B03306}.Ad-Hoc|x86.ActiveCfg = Release|Any CPU
		{858879B6-A077-4531-8F84-1757F5B03306}.Ad-Hoc|x86.Build.0 = Release|Any CPU
		{858879B6-A077-4531-8F84-1757F5B03306}.Ad-Hoc|x86.Deploy.0 = Release|Any CPU
		{858879B6-A077-4531-8F84-1757F5B03306}.AppStore|Any CPU.ActiveCfg = Release|Any CPU
		{858879B6-A077-4531-8F84-1757F5B03306}.AppStore|Any CPU.Build.0 = Release|Any CPU
		{858879B6-A077-4531-8F84-1757F5B03306}.AppStore|Any CPU.Deploy.0 = Release|Any CPU
		{858879B6-A077-4531-8F84-1757F5B03306}.AppStore|ARM.ActiveCfg = Release|Any CPU
		{858879B6-A077-4531-8F84-1757F5B03306}.AppStore|ARM.Build.0 = Release|Any CPU
		{858879B6-A077-4531-8F84-1757F5B03306}.AppStore|ARM.Deploy.0 = Release|Any CPU
		{858879B6-A077-4531-8F84-1757F5B03306}.AppStore|iPhone.ActiveCfg = Release|Any CPU
		{858879B6-A077-4531-8F84-1757F5B03306}.AppStore|iPhone.Build.0 = Release|Any CPU
		{858879B6-A077-4531-8F84-1757F5B03306}.AppStore|iPhone.Deploy.0 = Release|Any CPU
		{858879B6-A077-4531-8F84-1757F5B03306}.AppStore|iPhoneSimulator.ActiveCfg = Release|Any CPU
		{858879B6-A077-4531-8F84-1757F5B03306}.AppStore|iPhoneSimulator.Build.0 = Release|Any CPU
		{858879B6-A077-4531-8F84-1757F5B03306}.AppStore|iPhoneSimulator.Deploy.0 = Release|Any CPU
		{858879B6-A077-4531-8F84-1757F5B03306}.AppStore|x64.ActiveCfg = Release|Any CPU
		{858879B6-A077-4531-8F84-1757F5B03306}.AppStore|x64.Build.0 = Release|Any CPU
		{858879B6-A077-4531-8F84-1757F5B03306}.AppStore|x64.Deploy.0 = Release|Any CPU
		{858879B6-A077-4531-8F84-1757F5B03306}.AppStore|x86.ActiveCfg = Release|Any CPU
		{858879B6-A077-4531-8F84-1757F5B03306}.AppStore|x86.Build.0 = Release|Any CPU
		{858879B6-A077-4531-8F84-1757F5B03306}.AppStore|x86.Deploy.0 = Release|Any CPU
		{858879B6-A077-4531-8F84-1757F5B03306}.Debug|Any CPU.ActiveCfg = Debug|Any CPU
		{858879B6-A077-4531-8F84-1757F5B03306}.Debug|Any CPU.Build.0 = Debug|Any CPU
		{858879B6-A077-4531-8F84-1757F5B03306}.Debug|Any CPU.Deploy.0 = Debug|Any CPU
		{858879B6-A077-4531-8F84-1757F5B03306}.Debug|ARM.ActiveCfg = Debug|Any CPU
		{858879B6-A077-4531-8F84-1757F5B03306}.Debug|ARM.Build.0 = Debug|Any CPU
		{858879B6-A077-4531-8F84-1757F5B03306}.Debug|ARM.Deploy.0 = Debug|Any CPU
		{858879B6-A077-4531-8F84-1757F5B03306}.Debug|iPhone.ActiveCfg = Debug|Any CPU
		{858879B6-A077-4531-8F84-1757F5B03306}.Debug|iPhone.Build.0 = Debug|Any CPU
		{858879B6-A077-4531-8F84-1757F5B03306}.Debug|iPhone.Deploy.0 = Debug|Any CPU
		{858879B6-A077-4531-8F84-1757F5B03306}.Debug|iPhoneSimulator.ActiveCfg = Debug|Any CPU
		{858879B6-A077-4531-8F84-1757F5B03306}.Debug|iPhoneSimulator.Build.0 = Debug|Any CPU
		{858879B6-A077-4531-8F84-1757F5B03306}.Debug|iPhoneSimulator.Deploy.0 = Debug|Any CPU
		{858879B6-A077-4531-8F84-1757F5B03306}.Debug|x64.ActiveCfg = Debug|Any CPU
		{858879B6-A077-4531-8F84-1757F5B03306}.Debug|x64.Build.0 = Debug|Any CPU
		{858879B6-A077-4531-8F84-1757F5B03306}.Debug|x64.Deploy.0 = Debug|Any CPU
		{858879B6-A077-4531-8F84-1757F5B03306}.Debug|x86.ActiveCfg = Debug|Any CPU
		{858879B6-A077-4531-8F84-1757F5B03306}.Debug|x86.Build.0 = Debug|Any CPU
		{858879B6-A077-4531-8F84-1757F5B03306}.Debug|x86.Deploy.0 = Debug|Any CPU
		{858879B6-A077-4531-8F84-1757F5B03306}.Release|Any CPU.ActiveCfg = Release|Any CPU
		{858879B6-A077-4531-8F84-1757F5B03306}.Release|Any CPU.Build.0 = Release|Any CPU
		{858879B6-A077-4531-8F84-1757F5B03306}.Release|Any CPU.Deploy.0 = Release|Any CPU
		{858879B6-A077-4531-8F84-1757F5B03306}.Release|ARM.ActiveCfg = Release|Any CPU
		{858879B6-A077-4531-8F84-1757F5B03306}.Release|ARM.Build.0 = Release|Any CPU
		{858879B6-A077-4531-8F84-1757F5B03306}.Release|ARM.Deploy.0 = Release|Any CPU
		{858879B6-A077-4531-8F84-1757F5B03306}.Release|iPhone.ActiveCfg = Release|Any CPU
		{858879B6-A077-4531-8F84-1757F5B03306}.Release|iPhone.Build.0 = Release|Any CPU
		{858879B6-A077-4531-8F84-1757F5B03306}.Release|iPhone.Deploy.0 = Release|Any CPU
		{858879B6-A077-4531-8F84-1757F5B03306}.Release|iPhoneSimulator.ActiveCfg = Release|Any CPU
		{858879B6-A077-4531-8F84-1757F5B03306}.Release|iPhoneSimulator.Build.0 = Release|Any CPU
		{858879B6-A077-4531-8F84-1757F5B03306}.Release|iPhoneSimulator.Deploy.0 = Release|Any CPU
		{858879B6-A077-4531-8F84-1757F5B03306}.Release|x64.ActiveCfg = Release|Any CPU
		{858879B6-A077-4531-8F84-1757F5B03306}.Release|x64.Build.0 = Release|Any CPU
		{858879B6-A077-4531-8F84-1757F5B03306}.Release|x64.Deploy.0 = Release|Any CPU
		{858879B6-A077-4531-8F84-1757F5B03306}.Release|x86.ActiveCfg = Release|Any CPU
		{858879B6-A077-4531-8F84-1757F5B03306}.Release|x86.Build.0 = Release|Any CPU
		{858879B6-A077-4531-8F84-1757F5B03306}.Release|x86.Deploy.0 = Release|Any CPU
		{AEBA420F-2718-437A-9CAD-026DA84F4A98}.Ad-Hoc|Any CPU.ActiveCfg = Ad-Hoc|iPhone
		{AEBA420F-2718-437A-9CAD-026DA84F4A98}.Ad-Hoc|Any CPU.Build.0 = Ad-Hoc|iPhone
		{AEBA420F-2718-437A-9CAD-026DA84F4A98}.Ad-Hoc|Any CPU.Deploy.0 = Ad-Hoc|iPhone
		{AEBA420F-2718-437A-9CAD-026DA84F4A98}.Ad-Hoc|ARM.ActiveCfg = Ad-Hoc|iPhone
		{AEBA420F-2718-437A-9CAD-026DA84F4A98}.Ad-Hoc|ARM.Build.0 = Ad-Hoc|iPhone
		{AEBA420F-2718-437A-9CAD-026DA84F4A98}.Ad-Hoc|ARM.Deploy.0 = Ad-Hoc|iPhone
		{AEBA420F-2718-437A-9CAD-026DA84F4A98}.Ad-Hoc|iPhone.ActiveCfg = Ad-Hoc|iPhone
		{AEBA420F-2718-437A-9CAD-026DA84F4A98}.Ad-Hoc|iPhone.Build.0 = Ad-Hoc|iPhone
		{AEBA420F-2718-437A-9CAD-026DA84F4A98}.Ad-Hoc|iPhone.Deploy.0 = Ad-Hoc|iPhone
		{AEBA420F-2718-437A-9CAD-026DA84F4A98}.Ad-Hoc|iPhoneSimulator.ActiveCfg = Ad-Hoc|iPhoneSimulator
		{AEBA420F-2718-437A-9CAD-026DA84F4A98}.Ad-Hoc|iPhoneSimulator.Build.0 = Ad-Hoc|iPhoneSimulator
		{AEBA420F-2718-437A-9CAD-026DA84F4A98}.Ad-Hoc|iPhoneSimulator.Deploy.0 = Ad-Hoc|iPhoneSimulator
		{AEBA420F-2718-437A-9CAD-026DA84F4A98}.Ad-Hoc|x64.ActiveCfg = Ad-Hoc|iPhone
		{AEBA420F-2718-437A-9CAD-026DA84F4A98}.Ad-Hoc|x64.Build.0 = Ad-Hoc|iPhone
		{AEBA420F-2718-437A-9CAD-026DA84F4A98}.Ad-Hoc|x64.Deploy.0 = Ad-Hoc|iPhone
		{AEBA420F-2718-437A-9CAD-026DA84F4A98}.Ad-Hoc|x86.ActiveCfg = Ad-Hoc|iPhone
		{AEBA420F-2718-437A-9CAD-026DA84F4A98}.Ad-Hoc|x86.Build.0 = Ad-Hoc|iPhone
		{AEBA420F-2718-437A-9CAD-026DA84F4A98}.Ad-Hoc|x86.Deploy.0 = Ad-Hoc|iPhone
		{AEBA420F-2718-437A-9CAD-026DA84F4A98}.AppStore|Any CPU.ActiveCfg = AppStore|iPhone
		{AEBA420F-2718-437A-9CAD-026DA84F4A98}.AppStore|Any CPU.Build.0 = AppStore|iPhone
		{AEBA420F-2718-437A-9CAD-026DA84F4A98}.AppStore|Any CPU.Deploy.0 = AppStore|iPhone
		{AEBA420F-2718-437A-9CAD-026DA84F4A98}.AppStore|ARM.ActiveCfg = AppStore|iPhone
		{AEBA420F-2718-437A-9CAD-026DA84F4A98}.AppStore|ARM.Build.0 = AppStore|iPhone
		{AEBA420F-2718-437A-9CAD-026DA84F4A98}.AppStore|ARM.Deploy.0 = AppStore|iPhone
		{AEBA420F-2718-437A-9CAD-026DA84F4A98}.AppStore|iPhone.ActiveCfg = AppStore|iPhone
		{AEBA420F-2718-437A-9CAD-026DA84F4A98}.AppStore|iPhone.Build.0 = AppStore|iPhone
		{AEBA420F-2718-437A-9CAD-026DA84F4A98}.AppStore|iPhone.Deploy.0 = AppStore|iPhone
		{AEBA420F-2718-437A-9CAD-026DA84F4A98}.AppStore|iPhoneSimulator.ActiveCfg = AppStore|iPhoneSimulator
		{AEBA420F-2718-437A-9CAD-026DA84F4A98}.AppStore|iPhoneSimulator.Build.0 = AppStore|iPhoneSimulator
		{AEBA420F-2718-437A-9CAD-026DA84F4A98}.AppStore|iPhoneSimulator.Deploy.0 = AppStore|iPhoneSimulator
		{AEBA420F-2718-437A-9CAD-026DA84F4A98}.AppStore|x64.ActiveCfg = AppStore|iPhone
		{AEBA420F-2718-437A-9CAD-026DA84F4A98}.AppStore|x64.Build.0 = AppStore|iPhone
		{AEBA420F-2718-437A-9CAD-026DA84F4A98}.AppStore|x64.Deploy.0 = AppStore|iPhone
		{AEBA420F-2718-437A-9CAD-026DA84F4A98}.AppStore|x86.ActiveCfg = AppStore|iPhone
		{AEBA420F-2718-437A-9CAD-026DA84F4A98}.AppStore|x86.Build.0 = AppStore|iPhone
		{AEBA420F-2718-437A-9CAD-026DA84F4A98}.AppStore|x86.Deploy.0 = AppStore|iPhone
		{AEBA420F-2718-437A-9CAD-026DA84F4A98}.Debug|Any CPU.ActiveCfg = Debug|iPhoneSimulator
		{AEBA420F-2718-437A-9CAD-026DA84F4A98}.Debug|Any CPU.Build.0 = Debug|iPhoneSimulator
		{AEBA420F-2718-437A-9CAD-026DA84F4A98}.Debug|Any CPU.Deploy.0 = Debug|iPhoneSimulator
		{AEBA420F-2718-437A-9CAD-026DA84F4A98}.Debug|ARM.ActiveCfg = Debug|iPhone
		{AEBA420F-2718-437A-9CAD-026DA84F4A98}.Debug|ARM.Build.0 = Debug|iPhone
		{AEBA420F-2718-437A-9CAD-026DA84F4A98}.Debug|ARM.Deploy.0 = Debug|iPhone
		{AEBA420F-2718-437A-9CAD-026DA84F4A98}.Debug|iPhone.ActiveCfg = Debug|iPhone
		{AEBA420F-2718-437A-9CAD-026DA84F4A98}.Debug|iPhone.Build.0 = Debug|iPhone
		{AEBA420F-2718-437A-9CAD-026DA84F4A98}.Debug|iPhone.Deploy.0 = Debug|iPhone
		{AEBA420F-2718-437A-9CAD-026DA84F4A98}.Debug|iPhoneSimulator.ActiveCfg = Debug|iPhoneSimulator
		{AEBA420F-2718-437A-9CAD-026DA84F4A98}.Debug|iPhoneSimulator.Build.0 = Debug|iPhoneSimulator
		{AEBA420F-2718-437A-9CAD-026DA84F4A98}.Debug|iPhoneSimulator.Deploy.0 = Debug|iPhoneSimulator
		{AEBA420F-2718-437A-9CAD-026DA84F4A98}.Debug|x64.ActiveCfg = Debug|iPhone
		{AEBA420F-2718-437A-9CAD-026DA84F4A98}.Debug|x64.Build.0 = Debug|iPhone
		{AEBA420F-2718-437A-9CAD-026DA84F4A98}.Debug|x64.Deploy.0 = Debug|iPhone
		{AEBA420F-2718-437A-9CAD-026DA84F4A98}.Debug|x86.ActiveCfg = Debug|iPhone
		{AEBA420F-2718-437A-9CAD-026DA84F4A98}.Debug|x86.Build.0 = Debug|iPhone
		{AEBA420F-2718-437A-9CAD-026DA84F4A98}.Debug|x86.Deploy.0 = Debug|iPhone
		{AEBA420F-2718-437A-9CAD-026DA84F4A98}.Release|Any CPU.ActiveCfg = Release|iPhone
		{AEBA420F-2718-437A-9CAD-026DA84F4A98}.Release|Any CPU.Build.0 = Release|iPhone
		{AEBA420F-2718-437A-9CAD-026DA84F4A98}.Release|Any CPU.Deploy.0 = Release|iPhone
		{AEBA420F-2718-437A-9CAD-026DA84F4A98}.Release|ARM.ActiveCfg = Release|iPhone
		{AEBA420F-2718-437A-9CAD-026DA84F4A98}.Release|ARM.Build.0 = Release|iPhone
		{AEBA420F-2718-437A-9CAD-026DA84F4A98}.Release|ARM.Deploy.0 = Release|iPhone
		{AEBA420F-2718-437A-9CAD-026DA84F4A98}.Release|iPhone.ActiveCfg = Release|iPhone
		{AEBA420F-2718-437A-9CAD-026DA84F4A98}.Release|iPhone.Build.0 = Release|iPhone
		{AEBA420F-2718-437A-9CAD-026DA84F4A98}.Release|iPhone.Deploy.0 = Release|iPhone
		{AEBA420F-2718-437A-9CAD-026DA84F4A98}.Release|iPhoneSimulator.ActiveCfg = Release|iPhoneSimulator
		{AEBA420F-2718-437A-9CAD-026DA84F4A98}.Release|iPhoneSimulator.Build.0 = Release|iPhoneSimulator
		{AEBA420F-2718-437A-9CAD-026DA84F4A98}.Release|iPhoneSimulator.Deploy.0 = Release|iPhoneSimulator
		{AEBA420F-2718-437A-9CAD-026DA84F4A98}.Release|x64.ActiveCfg = Release|iPhone
		{AEBA420F-2718-437A-9CAD-026DA84F4A98}.Release|x64.Build.0 = Release|iPhone
		{AEBA420F-2718-437A-9CAD-026DA84F4A98}.Release|x64.Deploy.0 = Release|iPhone
		{AEBA420F-2718-437A-9CAD-026DA84F4A98}.Release|x86.ActiveCfg = Release|iPhone
		{AEBA420F-2718-437A-9CAD-026DA84F4A98}.Release|x86.Build.0 = Release|iPhone
		{AEBA420F-2718-437A-9CAD-026DA84F4A98}.Release|x86.Deploy.0 = Release|iPhone
		{ABFC23B3-55D4-47A5-87AD-B2AD2378520A}.Ad-Hoc|Any CPU.ActiveCfg = Release|x86
		{ABFC23B3-55D4-47A5-87AD-B2AD2378520A}.Ad-Hoc|Any CPU.Build.0 = Release|x86
		{ABFC23B3-55D4-47A5-87AD-B2AD2378520A}.Ad-Hoc|Any CPU.Deploy.0 = Release|x86
		{ABFC23B3-55D4-47A5-87AD-B2AD2378520A}.Ad-Hoc|ARM.ActiveCfg = Release|ARM
		{ABFC23B3-55D4-47A5-87AD-B2AD2378520A}.Ad-Hoc|ARM.Build.0 = Release|ARM
		{ABFC23B3-55D4-47A5-87AD-B2AD2378520A}.Ad-Hoc|ARM.Deploy.0 = Release|ARM
		{ABFC23B3-55D4-47A5-87AD-B2AD2378520A}.Ad-Hoc|iPhone.ActiveCfg = Release|x86
		{ABFC23B3-55D4-47A5-87AD-B2AD2378520A}.Ad-Hoc|iPhone.Build.0 = Release|x86
		{ABFC23B3-55D4-47A5-87AD-B2AD2378520A}.Ad-Hoc|iPhone.Deploy.0 = Release|x86
		{ABFC23B3-55D4-47A5-87AD-B2AD2378520A}.Ad-Hoc|iPhoneSimulator.ActiveCfg = Release|x86
		{ABFC23B3-55D4-47A5-87AD-B2AD2378520A}.Ad-Hoc|iPhoneSimulator.Build.0 = Release|x86
		{ABFC23B3-55D4-47A5-87AD-B2AD2378520A}.Ad-Hoc|iPhoneSimulator.Deploy.0 = Release|x86
		{ABFC23B3-55D4-47A5-87AD-B2AD2378520A}.Ad-Hoc|x64.ActiveCfg = Release|x64
		{ABFC23B3-55D4-47A5-87AD-B2AD2378520A}.Ad-Hoc|x64.Build.0 = Release|x64
		{ABFC23B3-55D4-47A5-87AD-B2AD2378520A}.Ad-Hoc|x64.Deploy.0 = Release|x64
		{ABFC23B3-55D4-47A5-87AD-B2AD2378520A}.Ad-Hoc|x86.ActiveCfg = Release|x86
		{ABFC23B3-55D4-47A5-87AD-B2AD2378520A}.Ad-Hoc|x86.Build.0 = Release|x86
		{ABFC23B3-55D4-47A5-87AD-B2AD2378520A}.Ad-Hoc|x86.Deploy.0 = Release|x86
		{ABFC23B3-55D4-47A5-87AD-B2AD2378520A}.AppStore|Any CPU.ActiveCfg = Release|x86
		{ABFC23B3-55D4-47A5-87AD-B2AD2378520A}.AppStore|Any CPU.Build.0 = Release|x86
		{ABFC23B3-55D4-47A5-87AD-B2AD2378520A}.AppStore|Any CPU.Deploy.0 = Release|x86
		{ABFC23B3-55D4-47A5-87AD-B2AD2378520A}.AppStore|ARM.ActiveCfg = Release|ARM
		{ABFC23B3-55D4-47A5-87AD-B2AD2378520A}.AppStore|ARM.Build.0 = Release|ARM
		{ABFC23B3-55D4-47A5-87AD-B2AD2378520A}.AppStore|ARM.Deploy.0 = Release|ARM
		{ABFC23B3-55D4-47A5-87AD-B2AD2378520A}.AppStore|iPhone.ActiveCfg = Release|x86
		{ABFC23B3-55D4-47A5-87AD-B2AD2378520A}.AppStore|iPhone.Build.0 = Release|x86
		{ABFC23B3-55D4-47A5-87AD-B2AD2378520A}.AppStore|iPhone.Deploy.0 = Release|x86
		{ABFC23B3-55D4-47A5-87AD-B2AD2378520A}.AppStore|iPhoneSimulator.ActiveCfg = Release|x86
		{ABFC23B3-55D4-47A5-87AD-B2AD2378520A}.AppStore|iPhoneSimulator.Build.0 = Release|x86
		{ABFC23B3-55D4-47A5-87AD-B2AD2378520A}.AppStore|iPhoneSimulator.Deploy.0 = Release|x86
		{ABFC23B3-55D4-47A5-87AD-B2AD2378520A}.AppStore|x64.ActiveCfg = Release|x64
		{ABFC23B3-55D4-47A5-87AD-B2AD2378520A}.AppStore|x64.Build.0 = Release|x64
		{ABFC23B3-55D4-47A5-87AD-B2AD2378520A}.AppStore|x64.Deploy.0 = Release|x64
		{ABFC23B3-55D4-47A5-87AD-B2AD2378520A}.AppStore|x86.ActiveCfg = Release|x86
		{ABFC23B3-55D4-47A5-87AD-B2AD2378520A}.AppStore|x86.Build.0 = Release|x86
		{ABFC23B3-55D4-47A5-87AD-B2AD2378520A}.AppStore|x86.Deploy.0 = Release|x86
		{ABFC23B3-55D4-47A5-87AD-B2AD2378520A}.Debug|Any CPU.ActiveCfg = Debug|x86
		{ABFC23B3-55D4-47A5-87AD-B2AD2378520A}.Debug|Any CPU.Build.0 = Debug|x86
		{ABFC23B3-55D4-47A5-87AD-B2AD2378520A}.Debug|Any CPU.Deploy.0 = Debug|x86
		{ABFC23B3-55D4-47A5-87AD-B2AD2378520A}.Debug|ARM.ActiveCfg = Debug|ARM
		{ABFC23B3-55D4-47A5-87AD-B2AD2378520A}.Debug|ARM.Build.0 = Debug|ARM
		{ABFC23B3-55D4-47A5-87AD-B2AD2378520A}.Debug|ARM.Deploy.0 = Debug|ARM
		{ABFC23B3-55D4-47A5-87AD-B2AD2378520A}.Debug|iPhone.ActiveCfg = Debug|x86
		{ABFC23B3-55D4-47A5-87AD-B2AD2378520A}.Debug|iPhone.Build.0 = Debug|x86
		{ABFC23B3-55D4-47A5-87AD-B2AD2378520A}.Debug|iPhone.Deploy.0 = Debug|x86
		{ABFC23B3-55D4-47A5-87AD-B2AD2378520A}.Debug|iPhoneSimulator.ActiveCfg = Debug|x86
		{ABFC23B3-55D4-47A5-87AD-B2AD2378520A}.Debug|iPhoneSimulator.Build.0 = Debug|x86
		{ABFC23B3-55D4-47A5-87AD-B2AD2378520A}.Debug|iPhoneSimulator.Deploy.0 = Debug|x86
		{ABFC23B3-55D4-47A5-87AD-B2AD2378520A}.Debug|x64.ActiveCfg = Debug|x64
		{ABFC23B3-55D4-47A5-87AD-B2AD2378520A}.Debug|x64.Build.0 = Debug|x64
		{ABFC23B3-55D4-47A5-87AD-B2AD2378520A}.Debug|x64.Deploy.0 = Debug|x64
		{ABFC23B3-55D4-47A5-87AD-B2AD2378520A}.Debug|x86.ActiveCfg = Debug|x86
		{ABFC23B3-55D4-47A5-87AD-B2AD2378520A}.Debug|x86.Build.0 = Debug|x86
		{ABFC23B3-55D4-47A5-87AD-B2AD2378520A}.Debug|x86.Deploy.0 = Debug|x86
		{ABFC23B3-55D4-47A5-87AD-B2AD2378520A}.Release|Any CPU.ActiveCfg = Release|x86
		{ABFC23B3-55D4-47A5-87AD-B2AD2378520A}.Release|Any CPU.Build.0 = Release|x86
		{ABFC23B3-55D4-47A5-87AD-B2AD2378520A}.Release|Any CPU.Deploy.0 = Release|x86
		{ABFC23B3-55D4-47A5-87AD-B2AD2378520A}.Release|ARM.ActiveCfg = Release|ARM
		{ABFC23B3-55D4-47A5-87AD-B2AD2378520A}.Release|ARM.Build.0 = Release|ARM
		{ABFC23B3-55D4-47A5-87AD-B2AD2378520A}.Release|ARM.Deploy.0 = Release|ARM
		{ABFC23B3-55D4-47A5-87AD-B2AD2378520A}.Release|iPhone.ActiveCfg = Release|x86
		{ABFC23B3-55D4-47A5-87AD-B2AD2378520A}.Release|iPhone.Build.0 = Release|x86
		{ABFC23B3-55D4-47A5-87AD-B2AD2378520A}.Release|iPhone.Deploy.0 = Release|x86
		{ABFC23B3-55D4-47A5-87AD-B2AD2378520A}.Release|iPhoneSimulator.ActiveCfg = Release|x86
		{ABFC23B3-55D4-47A5-87AD-B2AD2378520A}.Release|iPhoneSimulator.Build.0 = Release|x86
		{ABFC23B3-55D4-47A5-87AD-B2AD2378520A}.Release|iPhoneSimulator.Deploy.0 = Release|x86
		{ABFC23B3-55D4-47A5-87AD-B2AD2378520A}.Release|x64.ActiveCfg = Release|x64
		{ABFC23B3-55D4-47A5-87AD-B2AD2378520A}.Release|x64.Build.0 = Release|x64
		{ABFC23B3-55D4-47A5-87AD-B2AD2378520A}.Release|x64.Deploy.0 = Release|x64
		{ABFC23B3-55D4-47A5-87AD-B2AD2378520A}.Release|x86.ActiveCfg = Release|x86
		{ABFC23B3-55D4-47A5-87AD-B2AD2378520A}.Release|x86.Build.0 = Release|x86
		{ABFC23B3-55D4-47A5-87AD-B2AD2378520A}.Release|x86.Deploy.0 = Release|x86
	EndGlobalSection
	GlobalSection(SolutionProperties) = preSolution
		HideSolutionNode = FALSE
	EndGlobalSection
	GlobalSection(ExtensibilityGlobals) = postSolution
		SolutionGuid = {E7989438-C7DE-4E82-8BDC-318C8F7CBD69}
	EndGlobalSection
EndGlobal
